github.com/BurntSushi/toml v0.3.1 h1:WXkYYl6Yr3qBf1K79EBnL4mak0OimBfB0XUf9Vl28OQ=
github.com/BurntSushi/toml v0.3.1/go.mod h1:xHWCNGjB5oqiDr8zfno3MHue2Ht5sIBksp03qcyfWMU=
github.com/lvchengchang/cbtree v0.0.0-20190515053417-0f263e73e543 h1:5xCE/8lzg5qfHTStjSkMQUlwiSpo5zFpIV/zXdN+stQ=
github.com/lvchengchang/cbtree v0.0.0-20190515053417-0f263e73e543/go.mod h1:WRhJDbsHE3nLjLIW2TQ9Z26Q3Agu5PuS6Dh4xxBeB4k=
